// !$*UTF8*$!
{
	archiveVersion = 1;
	classes = {
	};
	objectVersion = 50;
	objects = {

/* Begin PBXBuildFile section */
		7F79010925948ABA001FB2BA /* HW3_5_contactListApp.swift in Sources */ = {isa = PBXBuildFile; fileRef = 7F79010825948ABA001FB2BA /* HW3_5_contactListApp.swift */; };
		7F79010B25948ABA001FB2BA /* ContentView.swift in Sources */ = {isa = PBXBuildFile; fileRef = 7F79010A25948ABA001FB2BA /* ContentView.swift */; };
		7F79010D25948ABD001FB2BA /* Assets.xcassets in Resources */ = {isa = PBXBuildFile; fileRef = 7F79010C25948ABD001FB2BA /* Assets.xcassets */; };
		7F79011025948ABD001FB2BA /* Preview Assets.xcassets in Resources */ = {isa = PBXBuildFile; fileRef = 7F79010F25948ABD001FB2BA /* Preview Assets.xcassets */; };
		7F79011B2594A1EC001FB2BA /* UserList.swift in Sources */ = {isa = PBXBuildFile; fileRef = 7F79011A2594A1EC001FB2BA /* UserList.swift */; };
		7F79011E2594AC2B001FB2BA /* DataManager.swift in Sources */ = {isa = PBXBuildFile; fileRef = 7F79011D2594AC2B001FB2BA /* DataManager.swift */; };
		7F7901212594AD3F001FB2BA /* Person.swift in Sources */ = {isa = PBXBuildFile; fileRef = 7F7901202594AD3F001FB2BA /* Person.swift */; };
		7F7901242594AF81001FB2BA /* DetailsUserList.swift in Sources */ = {isa = PBXBuildFile; fileRef = 7F7901232594AF81001FB2BA /* DetailsUserList.swift */; };
		7F7901282594C1D2001FB2BA /* PersonRow.swift in Sources */ = {isa = PBXBuildFile; fileRef = 7F7901272594C1D2001FB2BA /* PersonRow.swift */; };
		7F79012B2594F016001FB2BA /* PersonSectionRow.swift in Sources */ = {isa = PBXBuildFile; fileRef = 7F79012A2594F016001FB2BA /* PersonSectionRow.swift */; };
		7F79012F2594FEBF001FB2BA /* UserDetail.swift in Sources */ = {isa = PBXBuildFile; fileRef = 7F79012E2594FEBF001FB2BA /* UserDetail.swift */; };
/* End PBXBuildFile section */

/* Begin PBXFileReference section */
		7F79010525948ABA001FB2BA /* HW3.5 contactList.app */ = {isa = PBXFileReference; explicitFileType = wrapper.application; includeInIndex = 0; path = "HW3.5 contactList.app"; sourceTree = BUILT_PRODUCTS_DIR; };
		7F79010825948ABA001FB2BA /* HW3_5_contactListApp.swift */ = {isa = PBXFileReference; lastKnownFileType = sourcecode.swift; path = HW3_5_contactListApp.swift; sourceTree = "<group>"; };
		7F79010A25948ABA001FB2BA /* ContentView.swift */ = {isa = PBXFileReference; lastKnownFileType = sourcecode.swift; path = ContentView.swift; sourceTree = "<group>"; };
		7F79010C25948ABD001FB2BA /* Assets.xcassets */ = {isa = PBXFileReference; lastKnownFileType = folder.assetcatalog; path = Assets.xcassets; sourceTree = "<group>"; };
		7F79010F25948ABD001FB2BA /* Preview Assets.xcassets */ = {isa = PBXFileReference; lastKnownFileType = folder.assetcatalog; path = "Preview Assets.xcassets"; sourceTree = "<group>"; };
		7F79011125948ABD001FB2BA /* Info.plist */ = {isa = PBXFileReference; lastKnownFileType = text.plist.xml; path = Info.plist; sourceTree = "<group>"; };
		7F79011A2594A1EC001FB2BA /* UserList.swift */ = {isa = PBXFileReference; lastKnownFileType = sourcecode.swift; path = UserList.swift; sourceTree = "<group>"; };
		7F79011D2594AC2B001FB2BA /* DataManager.swift */ = {isa = PBXFileReference; lastKnownFileType = sourcecode.swift; path = DataManager.swift; sourceTree = "<group>"; };
		7F7901202594AD3F001FB2BA /* Person.swift */ = {isa = PBXFileReference; lastKnownFileType = sourcecode.swift; path = Person.swift; sourceTree = "<group>"; };
		7F7901232594AF81001FB2BA /* DetailsUserList.swift */ = {isa = PBXFileReference; lastKnownFileType = sourcecode.swift; path = DetailsUserList.swift; sourceTree = "<group>"; };
		7F7901272594C1D2001FB2BA /* PersonRow.swift */ = {isa = PBXFileReference; lastKnownFileType = sourcecode.swift; path = PersonRow.swift; sourceTree = "<group>"; };
		7F79012A2594F016001FB2BA /* PersonSectionRow.swift */ = {isa = PBXFileReference; lastKnownFileType = sourcecode.swift; path = PersonSectionRow.swift; sourceTree = "<group>"; };
		7F79012E2594FEBF001FB2BA /* UserDetail.swift */ = {isa = PBXFileReference; lastKnownFileType = sourcecode.swift; path = UserDetail.swift; sourceTree = "<group>"; };
/* End PBXFileReference section */

/* Begin PBXFrameworksBuildPhase section */
		7F79010225948ABA001FB2BA /* Frameworks */ = {
			isa = PBXFrameworksBuildPhase;
			buildActionMask = 2147483647;
			files = (
			);
			runOnlyForDeploymentPostprocessing = 0;
		};
/* End PBXFrameworksBuildPhase section */

/* Begin PBXGroup section */
		7F7900FC25948ABA001FB2BA = {
			isa = PBXGroup;
			children = (
				7F79010725948ABA001FB2BA /* HW3.5 contactList */,
				7F79010625948ABA001FB2BA /* Products */,
			);
			sourceTree = "<group>";
		};
		7F79010625948ABA001FB2BA /* Products */ = {
			isa = PBXGroup;
			children = (
				7F79010525948ABA001FB2BA /* HW3.5 contactList.app */,
			);
			name = Products;
			sourceTree = "<group>";
		};
		7F79010725948ABA001FB2BA /* HW3.5 contactList */ = {
			isa = PBXGroup;
			children = (
				7F79010825948ABA001FB2BA /* HW3_5_contactListApp.swift */,
				7F79010A25948ABA001FB2BA /* ContentView.swift */,
				7F79011A2594A1EC001FB2BA /* UserList.swift */,
				7F7901232594AF81001FB2BA /* DetailsUserList.swift */,
				7F7901272594C1D2001FB2BA /* PersonRow.swift */,
				7F79012A2594F016001FB2BA /* PersonSectionRow.swift */,
				7F79012E2594FEBF001FB2BA /* UserDetail.swift */,
				7F79011D2594AC2B001FB2BA /* DataManager.swift */,
				7F7901202594AD3F001FB2BA /* Person.swift */,
				7F79010C25948ABD001FB2BA /* Assets.xcassets */,
				7F79011125948ABD001FB2BA /* Info.plist */,
				7F79010E25948ABD001FB2BA /* Preview Content */,
			);
			path = "HW3.5 contactList";
			sourceTree = "<group>";
		};
		7F79010E25948ABD001FB2BA /* Preview Content */ = {
			isa = PBXGroup;
			children = (
				7F79010F25948ABD001FB2BA /* Preview Assets.xcassets */,
			);
			path = "Preview Content";
			sourceTree = "<group>";
		};
/* End PBXGroup section */

/* Begin PBXNativeTarget section */
		7F79010425948ABA001FB2BA /* HW3.5 contactList */ = {
			isa = PBXNativeTarget;
			buildConfigurationList = 7F79011425948ABD001FB2BA /* Build configuration list for PBXNativeTarget "HW3.5 contactList" */;
			buildPhases = (
				7F79010125948ABA001FB2BA /* Sources */,
				7F79010225948ABA001FB2BA /* Frameworks */,
				7F79010325948ABA001FB2BA /* Resources */,
			);
			buildRules = (
			);
			dependencies = (
			);
			name = "HW3.5 contactList";
			productName = "HW3.5 contactList";
			productReference = 7F79010525948ABA001FB2BA /* HW3.5 contactList.app */;
			productType = "com.apple.product-type.application";
		};
/* End PBXNativeTarget section */

/* Begin PBXProject section */
		7F7900FD25948ABA001FB2BA /* Project object */ = {
			isa = PBXProject;
			attributes = {
				LastSwiftUpdateCheck = 1230;
				LastUpgradeCheck = 1230;
				TargetAttributes = {
					7F79010425948ABA001FB2BA = {
						CreatedOnToolsVersion = 12.3;
					};
				};
			};
			buildConfigurationList = 7F79010025948ABA001FB2BA /* Build configuration list for PBXProject "HW3.5 contactList" */;
			compatibilityVersion = "Xcode 9.3";
			developmentRegion = en;
			hasScannedForEncodings = 0;
			knownRegions = (
				en,
				Base,
			);
			mainGroup = 7F7900FC25948ABA001FB2BA;
			productRefGroup = 7F79010625948ABA001FB2BA /* Products */;
			projectDirPath = "";
			projectRoot = "";
			targets = (
				7F79010425948ABA001FB2BA /* HW3.5 contactList */,
			);
		};
/* End PBXProject section */

/* Begin PBXResourcesBuildPhase section */
		7F79010325948ABA001FB2BA /* Resources */ = {
			isa = PBXResourcesBuildPhase;
			buildActionMask = 2147483647;
			files = (
				7F79011025948ABD001FB2BA /* Preview Assets.xcassets in Resources */,
				7F79010D25948ABD001FB2BA /* Assets.xcassets in Resources */,
			);
			runOnlyForDeploymentPostprocessing = 0;
		};
/* End PBXResourcesBuildPhase section */

/* Begin PBXSourcesBuildPhase section */
		7F79010125948ABA001FB2BA /* Sources */ = {
			isa = PBXSourcesBuildPhase;
			buildActionMask = 2147483647;
			files = (
				7F7901212594AD3F001FB2BA /* Person.swift in Sources */,
				7F79010B25948ABA001FB2BA /* ContentView.swift in Sources */,
				7F7901282594C1D2001FB2BA /* PersonRow.swift in Sources */,
				7F79011E2594AC2B001FB2BA /* DataManager.swift in Sources */,
				7F79010925948ABA001FB2BA /* HW3_5_contactListApp.swift in Sources */,
				7F79012B2594F016001FB2BA /* PersonSectionRow.swift in Sources */,
				7F79011B2594A1EC001FB2BA /* UserList.swift in Sources */,
				7F79012F2594FEBF001FB2BA /* UserDetail.swift in Sources */,
				7F7901242594AF81001FB2BA /* DetailsUserList.swift in Sources */,
			);
			runOnlyForDeploymentPostprocessing = 0;
		};
/* End PBXSourcesBuildPhase section */

/* Begin XCBuildConfiguration section */
		7F79011225948ABD001FB2BA /* Debug */ = {
			isa = XCBuildConfiguration;
			buildSettings = {
				ALWAYS_SEARCH_USER_PATHS = NO;
				CLANG_ANALYZER_NONNULL = YES;
				CLANG_ANALYZER_NUMBER_OBJECT_CONVERSION = YES_AGGRESSIVE;
				CLANG_CXX_LANGUAGE_STANDARD = "gnu++14";
				CLANG_CXX_LIBRARY = "libc++";
				CLANG_ENABLE_MODULES = YES;
				CLANG_ENABLE_OBJC_ARC = YES;
				CLANG_ENABLE_OBJC_WEAK = YES;
				CLANG_WARN_BLOCK_CAPTURE_AUTORELEASING = YES;
				CLANG_WARN_BOOL_CONVERSION = YES;
				CLANG_WARN_COMMA = YES;
				CLANG_WARN_CONSTANT_CONVERSION = YES;
				CLANG_WARN_DEPRECATED_OBJC_IMPLEMENTATIONS = YES;
				CLANG_WARN_DIRECT_OBJC_ISA_USAGE = YES_ERROR;
				CLANG_WARN_DOCUMENTATION_COMMENTS = YES;
				CLANG_WARN_EMPTY_BODY = YES;
				CLANG_WARN_ENUM_CONVERSION = YES;
				CLANG_WARN_INFINITE_RECURSION = YES;
				CLANG_WARN_INT_CONVERSION = YES;
				CLANG_WARN_NON_LITERAL_NULL_CONVERSION = YES;
				CLANG_WARN_OBJC_IMPLICIT_RETAIN_SELF = YES;
				CLANG_WARN_OBJC_LITERAL_CONVERSION = YES;
				CLANG_WARN_OBJC_ROOT_CLASS = YES_ERROR;
				CLANG_WARN_QUOTED_INCLUDE_IN_FRAMEWORK_HEADER = YES;
				CLANG_WARN_RANGE_LOOP_ANALYSIS = YES;
				CLANG_WARN_STRICT_PROTOTYPES = YES;
				CLANG_WARN_SUSPICIOUS_MOVE = YES;
				CLANG_WARN_UNGUARDED_AVAILABILITY = YES_AGGRESSIVE;
				CLANG_WARN_UNREACHABLE_CODE = YES;
				CLANG_WARN__DUPLICATE_METHOD_MATCH = YES;
				COPY_PHASE_STRIP = NO;
				DEBUG_INFORMATION_FORMAT = dwarf;
				ENABLE_STRICT_OBJC_MSGSEND = YES;
				ENABLE_TESTABILITY = YES;
				GCC_C_LANGUAGE_STANDARD = gnu11;
				GCC_DYNAMIC_NO_PIC = NO;
				GCC_NO_COMMON_BLOCKS = YES;
				GCC_OPTIMIZATION_LEVEL = 0;
				GCC_PREPROCESSOR_DEFINITIONS = (
					"DEBUG=1",
					"$(inherited)",
				);
				GCC_WARN_64_TO_32_BIT_CONVERSION = YES;
				GCC_WARN_ABOUT_RETURN_TYPE = YES_ERROR;
				GCC_WARN_UNDECLARED_SELECTOR = YES;
				GCC_WARN_UNINITIALIZED_AUTOS = YES_AGGRESSIVE;
				GCC_WARN_UNUSED_FUNCTION = YES;
				GCC_WARN_UNUSED_VARIABLE = YES;
				IPHONEOS_DEPLOYMENT_TARGET = 14.3;
				MTL_ENABLE_DEBUG_INFO = INCLUDE_SOURCE;
				MTL_FAST_MATH = YES;
				ONLY_ACTIVE_ARCH = YES;
				SDKROOT = iphoneos;
				SWIFT_ACTIVE_COMPILATION_CONDITIONS = DEBUG;
				SWIFT_OPTIMIZATION_LEVEL = "-Onone";
			};
			name = Debug;
		};
		7F79011325948ABD001FB2BA /* Release */ = {
			isa = XCBuildConfiguration;
			buildSettings = {
				ALWAYS_SEARCH_USER_PATHS = NO;
				CLANG_ANALYZER_NONNULL = YES;
				CLANG_ANALYZER_NUMBER_OBJECT_CONVERSION = YES_AGGRESSIVE;
				CLANG_CXX_LANGUAGE_STANDARD = "gnu++14";
				CLANG_CXX_LIBRARY = "libc++";
				CLANG_ENABLE_MODULES = YES;
				CLANG_ENABLE_OBJC_ARC = YES;
				CLANG_ENABLE_OBJC_WEAK = YES;
				CLANG_WARN_BLOCK_CAPTURE_AUTORELEASING = YES;
				CLANG_WARN_BOOL_CONVERSION = YES;
				CLANG_WARN_COMMA = YES;
				CLANG_WARN_CONSTANT_CONVERSION = YES;
				CLANG_WARN_DEPRECATED_OBJC_IMPLEMENTATIONS = YES;
				CLANG_WARN_DIRECT_OBJC_ISA_USAGE = YES_ERROR;
				CLANG_WARN_DOCUMENTATION_COMMENTS = YES;
				CLANG_WARN_EMPTY_BODY = YES;
				CLANG_WARN_ENUM_CONVERSION = YES;
				CLANG_WARN_INFINITE_RECURSION = YES;
				CLANG_WARN_INT_CONVERSION = YES;
				CLANG_WARN_NON_LITERAL_NULL_CONVERSION = YES;
				CLANG_WARN_OBJC_IMPLICIT_RETAIN_SELF = YES;
				CLANG_WARN_OBJC_LITERAL_CONVERSION = YES;
				CLANG_WARN_OBJC_ROOT_CLASS = YES_ERROR;
				CLANG_WARN_QUOTED_INCLUDE_IN_FRAMEWORK_HEADER = YES;
				CLANG_WARN_RANGE_LOOP_ANALYSIS = YES;
				CLANG_WARN_STRICT_PROTOTYPES = YES;
				CLANG_WARN_SUSPICIOUS_MOVE = YES;
				CLANG_WARN_UNGUARDED_AVAILABILITY = YES_AGGRESSIVE;
				CLANG_WARN_UNREACHABLE_CODE = YES;
				CLANG_WARN__DUPLICATE_METHOD_MATCH = YES;
				COPY_PHASE_STRIP = NO;
				DEBUG_INFORMATION_FORMAT = "dwarf-with-dsym";
				ENABLE_NS_ASSERTIONS = NO;
				ENABLE_STRICT_OBJC_MSGSEND = YES;
				GCC_C_LANGUAGE_STANDARD = gnu11;
				GCC_NO_COMMON_BLOCKS = YES;
				GCC_WARN_64_TO_32_BIT_CONVERSION = YES;
				GCC_WARN_ABOUT_RETURN_TYPE = YES_ERROR;
				GCC_WARN_UNDECLARED_SELECTOR = YES;
				GCC_WARN_UNINITIALIZED_AUTOS = YES_AGGRESSIVE;
				GCC_WARN_UNUSED_FUNCTION = YES;
				GCC_WARN_UNUSED_VARIABLE = YES;
				IPHONEOS_DEPLOYMENT_TARGET = 14.3;
				MTL_ENABLE_DEBUG_INFO = NO;
				MTL_FAST_MATH = YES;
				SDKROOT = iphoneos;
				SWIFT_COMPILATION_MODE = wholemodule;
				SWIFT_OPTIMIZATION_LEVEL = "-O";
				VALIDATE_PRODUCT = YES;
			};
			name = Release;
		};
		7F79011525948ABD001FB2BA /* Debug */ = {
			isa = XCBuildConfiguration;
			buildSettings = {
				ASSETCATALOG_COMPILER_APPICON_NAME = AppIcon;
				ASSETCATALOG_COMPILER_GLOBAL_ACCENT_COLOR_NAME = AccentColor;
				CODE_SIGN_STYLE = Automatic;
				DEVELOPMENT_ASSET_PATHS = "\"HW3.5 contactList/Preview Content\"";
				DEVELOPMENT_TEAM = WM9XM3NC73;
				ENABLE_PREVIEWS = YES;
				INFOPLIST_FILE = "HW3.5 contactList/Info.plist";
				IPHONEOS_DEPLOYMENT_TARGET = 14.0;
				LD_RUNPATH_SEARCH_PATHS = (
					"$(inherited)",
					"@executable_path/Frameworks",
				);
				PRODUCT_BUNDLE_IDENTIFIER = "Tokarev-Dmitry.HW3-5-contactList";
				PRODUCT_NAME = "$(TARGET_NAME)";
				SWIFT_VERSION = 5.0;
				TARGETED_DEVICE_FAMILY = "1,2";
			};
			name = Debug;
		};
		7F79011625948ABD001FB2BA /* Release */ = {
			isa = XCBuildConfiguration;
			buildSettings = {
				ASSETCATALOG_COMPILER_APPICON_NAME = AppIcon;
				ASSETCATALOG_COMPILER_GLOBAL_ACCENT_COLOR_NAME = AccentColor;
				CODE_SIGN_STYLE = Automatic;
				DEVELOPMENT_ASSET_PATHS = "\"HW3.5 contactList/Preview Content\"";
				DEVELOPMENT_TEAM = WM9XM3NC73;
				ENABLE_PREVIEWS = YES;
				INFOPLIST_FILE = "HW3.5 contactList/Info.plist";
				IPHONEOS_DEPLOYMENT_TARGET = 14.0;
				LD_RUNPATH_SEARCH_PATHS = (
					"$(inherited)",
					"@executable_path/Frameworks",
				);
				PRODUCT_BUNDLE_IDENTIFIER = "Tokarev-Dmitry.HW3-5-contactList";
				PRODUCT_NAME = "$(TARGET_NAME)";
				SWIFT_VERSION = 5.0;
				TARGETED_DEVICE_FAMILY = "1,2";
			};
			name = Release;
		};
/* End XCBuildConfiguration section */

/* Begin XCConfigurationList section */
		7F79010025948ABA001FB2BA /* Build configuration list for PBXProject "HW3.5 contactList" */ = {
			isa = XCConfigurationList;
			buildConfigurations = (
				7F79011225948ABD001FB2BA /* Debug */,
				7F79011325948ABD001FB2BA /* Release */,
			);
			defaultConfigurationIsVisible = 0;
			defaultConfigurationName = Release;
		};
		7F79011425948ABD001FB2BA /* Build configuration list for PBXNativeTarget "HW3.5 contactList" */ = {
			isa = XCConfigurationList;
			buildConfigurations = (
				7F79011525948ABD001FB2BA /* Debug */,
				7F79011625948ABD001FB2BA /* Release */,
			);
			defaultConfigurationIsVisible = 0;
			defaultConfigurationName = Release;
		};
/* End XCConfigurationList section */
	};
	rootObject = 7F7900FD25948ABA001FB2BA /* Project object */;
}
